// !$*UTF8*$!
{
	archiveVersion = 1;
	classes = {
	};
	objectVersion = 77;
	objects = {

/* Begin PBXContainerItemProxy section */
		FFFFD8A62CA99A7B002B9E94 /* PBXContainerItemProxy */ = {
			isa = PBXContainerItemProxy;
			containerPortal = FFFFD88D2CA99A79002B9E94 /* Project object */;
			proxyType = 1;
			remoteGlobalIDString = FFFFD8942CA99A79002B9E94;
			remoteInfo = Bubs;
		};
		FFFFD8B02CA99A7B002B9E94 /* PBXContainerItemProxy */ = {
			isa = PBXContainerItemProxy;
			containerPortal = FFFFD88D2CA99A79002B9E94 /* Project object */;
			proxyType = 1;
			remoteGlobalIDString = FFFFD8942CA99A79002B9E94;
			remoteInfo = Bubs;
		};
/* End PBXContainerItemProxy section */

/* Begin PBXFileReference section */
		FFFFD8952CA99A79002B9E94 /* Bubs.app */ = {isa = PBXFileReference; explicitFileType = wrapper.application; includeInIndex = 0; path = Bubs.app; sourceTree = BUILT_PRODUCTS_DIR; };
		FFFFD8A52CA99A7B002B9E94 /* BubsTests.xctest */ = {isa = PBXFileReference; explicitFileType = wrapper.cfbundle; includeInIndex = 0; path = BubsTests.xctest; sourceTree = BUILT_PRODUCTS_DIR; };
		FFFFD8AF2CA99A7B002B9E94 /* BubsUITests.xctest */ = {isa = PBXFileReference; explicitFileType = wrapper.cfbundle; includeInIndex = 0; path = BubsUITests.xctest; sourceTree = BUILT_PRODUCTS_DIR; };
/* End PBXFileReference section */

/* Begin PBXFileSystemSynchronizedBuildFileExceptionSet section */
		FF67803D2CB27243007A95E7 /* Exceptions for "Bubs" folder in "Bubs" target */ = {
			isa = PBXFileSystemSynchronizedBuildFileExceptionSet;
			membershipExceptions = (
				Info.plist,
			);
			target = FFFFD8942CA99A79002B9E94 /* Bubs */;
		};
		FF6780A62CB273D8007A95E7 /* Exceptions for "Audios" folder in "Bubs" target */ = {
			isa = PBXFileSystemSynchronizedBuildFileExceptionSet;
			membershipExceptions = (
				"hand-washing-8483.mp3",
			);
			target = FFFFD8942CA99A79002B9E94 /* Bubs */;
		};
/* End PBXFileSystemSynchronizedBuildFileExceptionSet section */

/* Begin PBXFileSystemSynchronizedRootGroup section */
		0276ECF92CAEE62900DBD266 /* FONTS */ = {
			isa = PBXFileSystemSynchronizedRootGroup;
			path = FONTS;
			sourceTree = "<group>";
		};
		FFFFD8972CA99A79002B9E94 /* Bubs */ = {
			isa = PBXFileSystemSynchronizedRootGroup;
			exceptions = (
				FF67803D2CB27243007A95E7 /* Exceptions for "Bubs" folder in "Bubs" target */,
			);
			path = Bubs;
			sourceTree = "<group>";
		};
		FFFFD8A82CA99A7B002B9E94 /* BubsTests */ = {
			isa = PBXFileSystemSynchronizedRootGroup;
			path = BubsTests;
			sourceTree = "<group>";
		};
		FFFFD8B22CA99A7B002B9E94 /* BubsUITests */ = {
			isa = PBXFileSystemSynchronizedRootGroup;
			path = BubsUITests;
			sourceTree = "<group>";
		};
		FFFFD9CC2CAC2AB1002B9E94 /* Audios */ = {
			isa = PBXFileSystemSynchronizedRootGroup;
			exceptions = (
				FF6780A62CB273D8007A95E7 /* Exceptions for "Audios" folder in "Bubs" target */,
			);
			path = Audios;
			sourceTree = "<group>";
		};
/* End PBXFileSystemSynchronizedRootGroup section */

/* Begin PBXFrameworksBuildPhase section */
		FFFFD8922CA99A79002B9E94 /* Frameworks */ = {
			isa = PBXFrameworksBuildPhase;
			buildActionMask = 2147483647;
			files = (
			);
			runOnlyForDeploymentPostprocessing = 0;
		};
		FFFFD8A22CA99A7B002B9E94 /* Frameworks */ = {
			isa = PBXFrameworksBuildPhase;
			buildActionMask = 2147483647;
			files = (
			);
			runOnlyForDeploymentPostprocessing = 0;
		};
		FFFFD8AC2CA99A7B002B9E94 /* Frameworks */ = {
			isa = PBXFrameworksBuildPhase;
			buildActionMask = 2147483647;
			files = (
			);
			runOnlyForDeploymentPostprocessing = 0;
		};
/* End PBXFrameworksBuildPhase section */

/* Begin PBXGroup section */
		FFFFD88C2CA99A79002B9E94 = {
			isa = PBXGroup;
			children = (
				0276ECF92CAEE62900DBD266 /* FONTS */,
				FFFFD9CC2CAC2AB1002B9E94 /* Audios */,
				FFFFD8972CA99A79002B9E94 /* Bubs */,
				FFFFD8A82CA99A7B002B9E94 /* BubsTests */,
				FFFFD8B22CA99A7B002B9E94 /* BubsUITests */,
				FFFFD8962CA99A79002B9E94 /* Products */,
			);
			sourceTree = "<group>";
		};
		FFFFD8962CA99A79002B9E94 /* Products */ = {
			isa = PBXGroup;
			children = (
				FFFFD8952CA99A79002B9E94 /* Bubs.app */,
				FFFFD8A52CA99A7B002B9E94 /* BubsTests.xctest */,
				FFFFD8AF2CA99A7B002B9E94 /* BubsUITests.xctest */,
			);
			name = Products;
			sourceTree = "<group>";
		};
/* End PBXGroup section */

/* Begin PBXNativeTarget section */
		FFFFD8942CA99A79002B9E94 /* Bubs */ = {
			isa = PBXNativeTarget;
			buildConfigurationList = FFFFD8B92CA99A7B002B9E94 /* Build configuration list for PBXNativeTarget "Bubs" */;
			buildPhases = (
				FFFFD8912CA99A79002B9E94 /* Sources */,
				FFFFD8922CA99A79002B9E94 /* Frameworks */,
				FFFFD8932CA99A79002B9E94 /* Resources */,
			);
			buildRules = (
			);
			dependencies = (
			);
			fileSystemSynchronizedGroups = (
				0276ECF92CAEE62900DBD266 /* FONTS */,
				FFFFD8972CA99A79002B9E94 /* Bubs */,
				FFFFD9CC2CAC2AB1002B9E94 /* Audios */,
			);
			name = Bubs;
			packageProductDependencies = (
			);
			productName = Bubs;
			productReference = FFFFD8952CA99A79002B9E94 /* Bubs.app */;
			productType = "com.apple.product-type.application";
		};
		FFFFD8A42CA99A7B002B9E94 /* BubsTests */ = {
			isa = PBXNativeTarget;
			buildConfigurationList = FFFFD8BC2CA99A7B002B9E94 /* Build configuration list for PBXNativeTarget "BubsTests" */;
			buildPhases = (
				FFFFD8A12CA99A7B002B9E94 /* Sources */,
				FFFFD8A22CA99A7B002B9E94 /* Frameworks */,
				FFFFD8A32CA99A7B002B9E94 /* Resources */,
			);
			buildRules = (
			);
			dependencies = (
				FFFFD8A72CA99A7B002B9E94 /* PBXTargetDependency */,
			);
			fileSystemSynchronizedGroups = (
				FFFFD8A82CA99A7B002B9E94 /* BubsTests */,
			);
			name = BubsTests;
			packageProductDependencies = (
			);
			productName = BubsTests;
			productReference = FFFFD8A52CA99A7B002B9E94 /* BubsTests.xctest */;
			productType = "com.apple.product-type.bundle.unit-test";
		};
		FFFFD8AE2CA99A7B002B9E94 /* BubsUITests */ = {
			isa = PBXNativeTarget;
			buildConfigurationList = FFFFD8BF2CA99A7B002B9E94 /* Build configuration list for PBXNativeTarget "BubsUITests" */;
			buildPhases = (
				FFFFD8AB2CA99A7B002B9E94 /* Sources */,
				FFFFD8AC2CA99A7B002B9E94 /* Frameworks */,
				FFFFD8AD2CA99A7B002B9E94 /* Resources */,
			);
			buildRules = (
			);
			dependencies = (
				FFFFD8B12CA99A7B002B9E94 /* PBXTargetDependency */,
			);
			fileSystemSynchronizedGroups = (
				FFFFD8B22CA99A7B002B9E94 /* BubsUITests */,
			);
			name = BubsUITests;
			packageProductDependencies = (
			);
			productName = BubsUITests;
			productReference = FFFFD8AF2CA99A7B002B9E94 /* BubsUITests.xctest */;
			productType = "com.apple.product-type.bundle.ui-testing";
		};
/* End PBXNativeTarget section */

/* Begin PBXProject section */
		FFFFD88D2CA99A79002B9E94 /* Project object */ = {
			isa = PBXProject;
			attributes = {
				BuildIndependentTargetsInParallel = 1;
				LastSwiftUpdateCheck = 1600;
				LastUpgradeCheck = 1600;
				TargetAttributes = {
					FFFFD8942CA99A79002B9E94 = {
						CreatedOnToolsVersion = 16.0;
					};
					FFFFD8A42CA99A7B002B9E94 = {
						CreatedOnToolsVersion = 16.0;
						TestTargetID = FFFFD8942CA99A79002B9E94;
					};
					FFFFD8AE2CA99A7B002B9E94 = {
						CreatedOnToolsVersion = 16.0;
						TestTargetID = FFFFD8942CA99A79002B9E94;
					};
				};
			};
			buildConfigurationList = FFFFD8902CA99A79002B9E94 /* Build configuration list for PBXProject "Bubs" */;
			developmentRegion = en;
			hasScannedForEncodings = 0;
			knownRegions = (
				en,
				Base,
			);
			mainGroup = FFFFD88C2CA99A79002B9E94;
			minimizedProjectReferenceProxies = 1;
			preferredProjectObjectVersion = 77;
			productRefGroup = FFFFD8962CA99A79002B9E94 /* Products */;
			projectDirPath = "";
			projectRoot = "";
			targets = (
				FFFFD8942CA99A79002B9E94 /* Bubs */,
				FFFFD8A42CA99A7B002B9E94 /* BubsTests */,
				FFFFD8AE2CA99A7B002B9E94 /* BubsUITests */,
			);
		};
/* End PBXProject section */

/* Begin PBXResourcesBuildPhase section */
		FFFFD8932CA99A79002B9E94 /* Resources */ = {
			isa = PBXResourcesBuildPhase;
			buildActionMask = 2147483647;
			files = (
			);
			runOnlyForDeploymentPostprocessing = 0;
		};
		FFFFD8A32CA99A7B002B9E94 /* Resources */ = {
			isa = PBXResourcesBuildPhase;
			buildActionMask = 2147483647;
			files = (
			);
			runOnlyForDeploymentPostprocessing = 0;
		};
		FFFFD8AD2CA99A7B002B9E94 /* Resources */ = {
			isa = PBXResourcesBuildPhase;
			buildActionMask = 2147483647;
			files = (
			);
			runOnlyForDeploymentPostprocessing = 0;
		};
/* End PBXResourcesBuildPhase section */

/* Begin PBXSourcesBuildPhase section */
		FFFFD8912CA99A79002B9E94 /* Sources */ = {
			isa = PBXSourcesBuildPhase;
			buildActionMask = 2147483647;
			files = (
			);
			runOnlyForDeploymentPostprocessing = 0;
		};
		FFFFD8A12CA99A7B002B9E94 /* Sources */ = {
			isa = PBXSourcesBuildPhase;
			buildActionMask = 2147483647;
			files = (
			);
			runOnlyForDeploymentPostprocessing = 0;
		};
		FFFFD8AB2CA99A7B002B9E94 /* Sources */ = {
			isa = PBXSourcesBuildPhase;
			buildActionMask = 2147483647;
			files = (
			);
			runOnlyForDeploymentPostprocessing = 0;
		};
/* End PBXSourcesBuildPhase section */

/* Begin PBXTargetDependency section */
		FFFFD8A72CA99A7B002B9E94 /* PBXTargetDependency */ = {
			isa = PBXTargetDependency;
			target = FFFFD8942CA99A79002B9E94 /* Bubs */;
			targetProxy = FFFFD8A62CA99A7B002B9E94 /* PBXContainerItemProxy */;
		};
		FFFFD8B12CA99A7B002B9E94 /* PBXTargetDependency */ = {
			isa = PBXTargetDependency;
			target = FFFFD8942CA99A79002B9E94 /* Bubs */;
			targetProxy = FFFFD8B02CA99A7B002B9E94 /* PBXContainerItemProxy */;
		};
/* End PBXTargetDependency section */

/* Begin XCBuildConfiguration section */
		FFFFD8B72CA99A7B002B9E94 /* Debug */ = {
			isa = XCBuildConfiguration;
			buildSettings = {
				ALWAYS_SEARCH_USER_PATHS = NO;
				ASSETCATALOG_COMPILER_GENERATE_SWIFT_ASSET_SYMBOL_EXTENSIONS = YES;
				CLANG_ANALYZER_NONNULL = YES;
				CLANG_ANALYZER_NUMBER_OBJECT_CONVERSION = YES_AGGRESSIVE;
				CLANG_CXX_LANGUAGE_STANDARD = "gnu++20";
				CLANG_ENABLE_MODULES = YES;
				CLANG_ENABLE_OBJC_ARC = YES;
				CLANG_ENABLE_OBJC_WEAK = YES;
				CLANG_WARN_BLOCK_CAPTURE_AUTORELEASING = YES;
				CLANG_WARN_BOOL_CONVERSION = YES;
				CLANG_WARN_COMMA = YES;
				CLANG_WARN_CONSTANT_CONVERSION = YES;
				CLANG_WARN_DEPRECATED_OBJC_IMPLEMENTATIONS = YES;
				CLANG_WARN_DIRECT_OBJC_ISA_USAGE = YES_ERROR;
				CLANG_WARN_DOCUMENTATION_COMMENTS = YES;
				CLANG_WARN_EMPTY_BODY = YES;
				CLANG_WARN_ENUM_CONVERSION = YES;
				CLANG_WARN_INFINITE_RECURSION = YES;
				CLANG_WARN_INT_CONVERSION = YES;
				CLANG_WARN_NON_LITERAL_NULL_CONVERSION = YES;
				CLANG_WARN_OBJC_IMPLICIT_RETAIN_SELF = YES;
				CLANG_WARN_OBJC_LITERAL_CONVERSION = YES;
				CLANG_WARN_OBJC_ROOT_CLASS = YES_ERROR;
				CLANG_WARN_QUOTED_INCLUDE_IN_FRAMEWORK_HEADER = YES;
				CLANG_WARN_RANGE_LOOP_ANALYSIS = YES;
				CLANG_WARN_STRICT_PROTOTYPES = YES;
				CLANG_WARN_SUSPICIOUS_MOVE = YES;
				CLANG_WARN_UNGUARDED_AVAILABILITY = YES_AGGRESSIVE;
				CLANG_WARN_UNREACHABLE_CODE = YES;
				CLANG_WARN__DUPLICATE_METHOD_MATCH = YES;
				COPY_PHASE_STRIP = NO;
				DEBUG_INFORMATION_FORMAT = dwarf;
				ENABLE_STRICT_OBJC_MSGSEND = YES;
				ENABLE_TESTABILITY = YES;
				ENABLE_USER_SCRIPT_SANDBOXING = YES;
				GCC_C_LANGUAGE_STANDARD = gnu17;
				GCC_DYNAMIC_NO_PIC = NO;
				GCC_NO_COMMON_BLOCKS = YES;
				GCC_OPTIMIZATION_LEVEL = 0;
				GCC_PREPROCESSOR_DEFINITIONS = (
					"DEBUG=1",
					"$(inherited)",
				);
				GCC_WARN_64_TO_32_BIT_CONVERSION = YES;
				GCC_WARN_ABOUT_RETURN_TYPE = YES_ERROR;
				GCC_WARN_UNDECLARED_SELECTOR = YES;
				GCC_WARN_UNINITIALIZED_AUTOS = YES_AGGRESSIVE;
				GCC_WARN_UNUSED_FUNCTION = YES;
				GCC_WARN_UNUSED_VARIABLE = YES;
				IPHONEOS_DEPLOYMENT_TARGET = 18.0;
				LOCALIZATION_PREFERS_STRING_CATALOGS = YES;
				MTL_ENABLE_DEBUG_INFO = INCLUDE_SOURCE;
				MTL_FAST_MATH = YES;
				ONLY_ACTIVE_ARCH = YES;
				SDKROOT = iphoneos;
				SWIFT_ACTIVE_COMPILATION_CONDITIONS = "DEBUG $(inherited)";
				SWIFT_OPTIMIZATION_LEVEL = "-Onone";
			};
			name = Debug;
		};
		FFFFD8B82CA99A7B002B9E94 /* Release */ = {
			isa = XCBuildConfiguration;
			buildSettings = {
				ALWAYS_SEARCH_USER_PATHS = NO;
				ASSETCATALOG_COMPILER_GENERATE_SWIFT_ASSET_SYMBOL_EXTENSIONS = YES;
				CLANG_ANALYZER_NONNULL = YES;
				CLANG_ANALYZER_NUMBER_OBJECT_CONVERSION = YES_AGGRESSIVE;
				CLANG_CXX_LANGUAGE_STANDARD = "gnu++20";
				CLANG_ENABLE_MODULES = YES;
				CLANG_ENABLE_OBJC_ARC = YES;
				CLANG_ENABLE_OBJC_WEAK = YES;
				CLANG_WARN_BLOCK_CAPTURE_AUTORELEASING = YES;
				CLANG_WARN_BOOL_CONVERSION = YES;
				CLANG_WARN_COMMA = YES;
				CLANG_WARN_CONSTANT_CONVERSION = YES;
				CLANG_WARN_DEPRECATED_OBJC_IMPLEMENTATIONS = YES;
				CLANG_WARN_DIRECT_OBJC_ISA_USAGE = YES_ERROR;
				CLANG_WARN_DOCUMENTATION_COMMENTS = YES;
				CLANG_WARN_EMPTY_BODY = YES;
				CLANG_WARN_ENUM_CONVERSION = YES;
				CLANG_WARN_INFINITE_RECURSION = YES;
				CLANG_WARN_INT_CONVERSION = YES;
				CLANG_WARN_NON_LITERAL_NULL_CONVERSION = YES;
				CLANG_WARN_OBJC_IMPLICIT_RETAIN_SELF = YES;
				CLANG_WARN_OBJC_LITERAL_CONVERSION = YES;
				CLANG_WARN_OBJC_ROOT_CLASS = YES_ERROR;
				CLANG_WARN_QUOTED_INCLUDE_IN_FRAMEWORK_HEADER = YES;
				CLANG_WARN_RANGE_LOOP_ANALYSIS = YES;
				CLANG_WARN_STRICT_PROTOTYPES = YES;
				CLANG_WARN_SUSPICIOUS_MOVE = YES;
				CLANG_WARN_UNGUARDED_AVAILABILITY = YES_AGGRESSIVE;
				CLANG_WARN_UNREACHABLE_CODE = YES;
				CLANG_WARN__DUPLICATE_METHOD_MATCH = YES;
				COPY_PHASE_STRIP = NO;
				DEBUG_INFORMATION_FORMAT = "dwarf-with-dsym";
				ENABLE_NS_ASSERTIONS = NO;
				ENABLE_STRICT_OBJC_MSGSEND = YES;
				ENABLE_USER_SCRIPT_SANDBOXING = YES;
				GCC_C_LANGUAGE_STANDARD = gnu17;
				GCC_NO_COMMON_BLOCKS = YES;
				GCC_WARN_64_TO_32_BIT_CONVERSION = YES;
				GCC_WARN_ABOUT_RETURN_TYPE = YES_ERROR;
				GCC_WARN_UNDECLARED_SELECTOR = YES;
				GCC_WARN_UNINITIALIZED_AUTOS = YES_AGGRESSIVE;
				GCC_WARN_UNUSED_FUNCTION = YES;
				GCC_WARN_UNUSED_VARIABLE = YES;
				IPHONEOS_DEPLOYMENT_TARGET = 18.0;
				LOCALIZATION_PREFERS_STRING_CATALOGS = YES;
				MTL_ENABLE_DEBUG_INFO = NO;
				MTL_FAST_MATH = YES;
				SDKROOT = iphoneos;
				SWIFT_COMPILATION_MODE = wholemodule;
				VALIDATE_PRODUCT = YES;
			};
			name = Release;
		};
		FFFFD8BA2CA99A7B002B9E94 /* Debug */ = {
			isa = XCBuildConfiguration;
			buildSettings = {
				ASSETCATALOG_COMPILER_APPICON_NAME = AppIcon;
				ASSETCATALOG_COMPILER_GLOBAL_ACCENT_COLOR_NAME = AccentColor;
				CODE_SIGN_STYLE = Automatic;
				CURRENT_PROJECT_VERSION = 1;
				DEVELOPMENT_ASSET_PATHS = "\"Bubs/Preview Content\"";
				DEVELOPMENT_TEAM = WC7G6K3B6X;
				ENABLE_PREVIEWS = YES;
				GENERATE_INFOPLIST_FILE = YES;
				INFOPLIST_FILE = Bubs/Info.plist;
				INFOPLIST_KEY_UIApplicationSceneManifest_Generation = YES;
				INFOPLIST_KEY_UIApplicationSupportsIndirectInputEvents = YES;
				INFOPLIST_KEY_UILaunchScreen_Generation = YES;
				INFOPLIST_KEY_UISupportedInterfaceOrientations_iPhone = "UIInterfaceOrientationLandscapeLeft UIInterfaceOrientationLandscapeRight";
				LD_RUNPATH_SEARCH_PATHS = (
					"$(inherited)",
					"@executable_path/Frameworks",
				);
				MARKETING_VERSION = 1.0;
				PRODUCT_BUNDLE_IDENTIFIER = twq.Bubs;
				PRODUCT_NAME = "$(TARGET_NAME)";
				SWIFT_EMIT_LOC_STRINGS = YES;
				SWIFT_VERSION = 5.0;
				TARGETED_DEVICE_FAMILY = "1,2";
			};
			name = Debug;
		};
		FFFFD8BB2CA99A7B002B9E94 /* Release */ = {
			isa = XCBuildConfiguration;
			buildSettings = {
				ASSETCATALOG_COMPILER_APPICON_NAME = AppIcon;
				ASSETCATALOG_COMPILER_GLOBAL_ACCENT_COLOR_NAME = AccentColor;
				CODE_SIGN_STYLE = Automatic;
				CURRENT_PROJECT_VERSION = 1;
				DEVELOPMENT_ASSET_PATHS = "\"Bubs/Preview Content\"";
				DEVELOPMENT_TEAM = WC7G6K3B6X;
				ENABLE_PREVIEWS = YES;
				GENERATE_INFOPLIST_FILE = YES;
				INFOPLIST_FILE = Bubs/Info.plist;
				INFOPLIST_KEY_UIApplicationSceneManifest_Generation = YES;
				INFOPLIST_KEY_UIApplicationSupportsIndirectInputEvents = YES;
				INFOPLIST_KEY_UILaunchScreen_Generation = YES;
				INFOPLIST_KEY_UISupportedInterfaceOrientations_iPhone = "UIInterfaceOrientationLandscapeLeft UIInterfaceOrientationLandscapeRight";
				LD_RUNPATH_SEARCH_PATHS = (
					"$(inherited)",
					"@executable_path/Frameworks",
				);
				MARKETING_VERSION = 1.0;
				PRODUCT_BUNDLE_IDENTIFIER = twq.Bubs;
				PRODUCT_NAME = "$(TARGET_NAME)";
				SWIFT_EMIT_LOC_STRINGS = YES;
				SWIFT_VERSION = 5.0;
				TARGETED_DEVICE_FAMILY = "1,2";
			};
			name = Release;
		};
		FFFFD8BD2CA99A7B002B9E94 /* Debug */ = {
			isa = XCBuildConfiguration;
			buildSettings = {
				BUNDLE_LOADER = "$(TEST_HOST)";
				CODE_SIGN_STYLE = Automatic;
				CURRENT_PROJECT_VERSION = 1;
				DEVELOPMENT_TEAM = WC7G6K3B6X;
				GENERATE_INFOPLIST_FILE = YES;
				IPHONEOS_DEPLOYMENT_TARGET = 18.0;
				MARKETING_VERSION = 1.0;
				PRODUCT_BUNDLE_IDENTIFIER = twq.BubsTests;
				PRODUCT_NAME = "$(TARGET_NAME)";
				SWIFT_EMIT_LOC_STRINGS = NO;
				SWIFT_VERSION = 5.0;
				TARGETED_DEVICE_FAMILY = "1,2";
				TEST_HOST = "$(BUILT_PRODUCTS_DIR)/Bubs.app/$(BUNDLE_EXECUTABLE_FOLDER_PATH)/Bubs";
			};
			name = Debug;
		};
		FFFFD8BE2CA99A7B002B9E94 /* Release */ = {
			isa = XCBuildConfiguration;
			buildSettings = {
				BUNDLE_LOADER = "$(TEST_HOST)";
				CODE_SIGN_STYLE = Automatic;
				CURRENT_PROJECT_VERSION = 1;
				DEVELOPMENT_TEAM = WC7G6K3B6X;
				GENERATE_INFOPLIST_FILE = YES;
				IPHONEOS_DEPLOYMENT_TARGET = 18.0;
				MARKETING_VERSION = 1.0;
				PRODUCT_BUNDLE_IDENTIFIER = twq.BubsTests;
				PRODUCT_NAME = "$(TARGET_NAME)";
				SWIFT_EMIT_LOC_STRINGS = NO;
				SWIFT_VERSION = 5.0;
				TARGETED_DEVICE_FAMILY = "1,2";
				TEST_HOST = "$(BUILT_PRODUCTS_DIR)/Bubs.app/$(BUNDLE_EXECUTABLE_FOLDER_PATH)/Bubs";
			};
			name = Release;
		};
		FFFFD8C02CA99A7B002B9E94 /* Debug */ = {
			isa = XCBuildConfiguration;
			buildSettings = {
				CODE_SIGN_STYLE = Automatic;
				CURRENT_PROJECT_VERSION = 1;
				DEVELOPMENT_TEAM = WC7G6K3B6X;
				GENERATE_INFOPLIST_FILE = YES;
				MARKETING_VERSION = 1.0;
				PRODUCT_BUNDLE_IDENTIFIER = twq.BubsUITests;
				PRODUCT_NAME = "$(TARGET_NAME)";
				SWIFT_EMIT_LOC_STRINGS = NO;
				SWIFT_VERSION = 5.0;
				TARGETED_DEVICE_FAMILY = "1,2";
				TEST_TARGET_NAME = Bubs;
			};
			name = Debug;
		};
		FFFFD8C12CA99A7B002B9E94 /* Release */ = {
			isa = XCBuildConfiguration;
			buildSettings = {
				CODE_SIGN_STYLE = Automatic;
				CURRENT_PROJECT_VERSION = 1;
				DEVELOPMENT_TEAM = WC7G6K3B6X;
				GENERATE_INFOPLIST_FILE = YES;
				MARKETING_VERSION = 1.0;
				PRODUCT_BUNDLE_IDENTIFIER = twq.BubsUITests;
				PRODUCT_NAME = "$(TARGET_NAME)";
				SWIFT_EMIT_LOC_STRINGS = NO;
				SWIFT_VERSION = 5.0;
				TARGETED_DEVICE_FAMILY = "1,2";
				TEST_TARGET_NAME = Bubs;
			};
			name = Release;
		};
/* End XCBuildConfiguration section */

/* Begin XCConfigurationList section */
		FFFFD8902CA99A79002B9E94 /* Build configuration list for PBXProject "Bubs" */ = {
			isa = XCConfigurationList;
			buildConfigurations = (
				FFFFD8B72CA99A7B002B9E94 /* Debug */,
				FFFFD8B82CA99A7B002B9E94 /* Release */,
			);
			defaultConfigurationIsVisible = 0;
			defaultConfigurationName = Release;
		};
		FFFFD8B92CA99A7B002B9E94 /* Build configuration list for PBXNativeTarget "Bubs" */ = {
			isa = XCConfigurationList;
			buildConfigurations = (
				FFFFD8BA2CA99A7B002B9E94 /* Debug */,
				FFFFD8BB2CA99A7B002B9E94 /* Release */,
			);
			defaultConfigurationIsVisible = 0;
			defaultConfigurationName = Release;
		};
		FFFFD8BC2CA99A7B002B9E94 /* Build configuration list for PBXNativeTarget "BubsTests" */ = {
			isa = XCConfigurationList;
			buildConfigurations = (
				FFFFD8BD2CA99A7B002B9E94 /* Debug */,
				FFFFD8BE2CA99A7B002B9E94 /* Release */,
			);
			defaultConfigurationIsVisible = 0;
			defaultConfigurationName = Release;
		};
		FFFFD8BF2CA99A7B002B9E94 /* Build configuration list for PBXNativeTarget "BubsUITests" */ = {
			isa = XCConfigurationList;
			buildConfigurations = (
				FFFFD8C02CA99A7B002B9E94 /* Debug */,
				FFFFD8C12CA99A7B002B9E94 /* Release */,
			);
			defaultConfigurationIsVisible = 0;
			defaultConfigurationName = Release;
		};
/* End XCConfigurationList section */
	};
	rootObject = FFFFD88D2CA99A79002B9E94 /* Project object */;
}
